
Microsoft Visual Studio Solution File, Format Version 12.00
# Visual Studio Version 16
VisualStudioVersion = 16.0.30907.101
MinimumVisualStudioVersion = 10.0.40219.1
Project("{FAE04EC0-301F-11D3-BF4B-00C04F79EFBC}") = "DataAnalysis", "DataAnalysis\DataAnalysis.csproj", "{F2700E14-3267-4B87-9506-2CE3BE85B483}"
EndProject
Global
	GlobalSection(SolutionConfigurationPlatforms) = preSolution
		Debug|Any CPU = Debug|Any CPU
		Release|Any CPU = Release|Any CPU
	EndGlobalSection
	GlobalSection(ProjectConfigurationPlatforms) = postSolution
		{F2700E14-3267-4B87-9506-2CE3BE85B483}.Debug|Any CPU.ActiveCfg = Debug|Any CPU
		{F2700E14-3267-4B87-9506-2CE3BE85B483}.Debug|Any CPU.Build.0 = Debug|Any CPU
		{F2700E14-3267-4B87-9506-2CE3BE85B483}.Release|Any CPU.ActiveCfg = Release|Any CPU
		{F2700E14-3267-4B87-9506-2CE3BE85B483}.Release|Any CPU.Build.0 = Release|Any CPU
	EndGlobalSection
	GlobalSection(SolutionProperties) = preSolution
		HideSolutionNode = FALSE
	EndGlobalSection
	GlobalSection(ExtensibilityGlobals) = postSolution
		SolutionGuid = {9497B396-D72F-45D4-A69A-8FD508069897}
	EndGlobalSection
EndGlobal
